// !$*UTF8*$!
{
	archiveVersion = 1;
	classes = {
	};
	objectVersion = 50;
	objects = {

/* Begin PBXBuildFile section */
		1100E40024A19C31009D1A1D /* SearchFoodTruckTableViewController.swift in Sources */ = {isa = PBXBuildFile; fileRef = 1100E3FF24A19C31009D1A1D /* SearchFoodTruckTableViewController.swift */; };
		1100E40224A19C50009D1A1D /* FoodTruckTableViewCell.swift in Sources */ = {isa = PBXBuildFile; fileRef = 1100E40124A19C50009D1A1D /* FoodTruckTableViewCell.swift */; };
		1100E40424A19C7D009D1A1D /* FoodTruckDetailViewController.swift in Sources */ = {isa = PBXBuildFile; fileRef = 1100E40324A19C7D009D1A1D /* FoodTruckDetailViewController.swift */; };
		114A0489249C524A00F22F8F /* Pods_FoodTruck.framework in Frameworks */ = {isa = PBXBuildFile; fileRef = 10172E8189E912BC8CF901BF /* Pods_FoodTruck.framework */; };
		114A048A249C524A00F22F8F /* Pods_FoodTruck.framework in Embed Frameworks */ = {isa = PBXBuildFile; fileRef = 10172E8189E912BC8CF901BF /* Pods_FoodTruck.framework */; settings = {ATTRIBUTES = (CodeSignOnCopy, RemoveHeadersOnCopy, ); }; };
		114A048F249D953F00F22F8F /* LoginViewController.swift in Sources */ = {isa = PBXBuildFile; fileRef = 114A048E249D953F00F22F8F /* LoginViewController.swift */; };
		114A0493249DA2B600F22F8F /* Operator.storyboard in Resources */ = {isa = PBXBuildFile; fileRef = 114A0492249DA2B600F22F8F /* Operator.storyboard */; };
		114A0495249DA2C300F22F8F /* Diner.storyboard in Resources */ = {isa = PBXBuildFile; fileRef = 114A0494249DA2C300F22F8F /* Diner.storyboard */; };
		114A0497249DB35E00F22F8F /* SignInViewController.swift in Sources */ = {isa = PBXBuildFile; fileRef = 114A0496249DB35E00F22F8F /* SignInViewController.swift */; };
		114A0499249DB37400F22F8F /* WelcomeViewController.swift in Sources */ = {isa = PBXBuildFile; fileRef = 114A0498249DB37300F22F8F /* WelcomeViewController.swift */; };
		114A049B249DB38B00F22F8F /* DinerOrOperatorViewController.swift in Sources */ = {isa = PBXBuildFile; fileRef = 114A049A249DB38B00F22F8F /* DinerOrOperatorViewController.swift */; };
		11E9835D249B01A5001288C5 /* AppDelegate.swift in Sources */ = {isa = PBXBuildFile; fileRef = 11E9835C249B01A5001288C5 /* AppDelegate.swift */; };
		11E9835F249B01A5001288C5 /* SceneDelegate.swift in Sources */ = {isa = PBXBuildFile; fileRef = 11E9835E249B01A5001288C5 /* SceneDelegate.swift */; };
		11E98361249B01A5001288C5 /* ViewController.swift in Sources */ = {isa = PBXBuildFile; fileRef = 11E98360249B01A5001288C5 /* ViewController.swift */; };
		11E98364249B01A5001288C5 /* Main.storyboard in Resources */ = {isa = PBXBuildFile; fileRef = 11E98362249B01A5001288C5 /* Main.storyboard */; };
		11E98369249B01B0001288C5 /* Assets.xcassets in Resources */ = {isa = PBXBuildFile; fileRef = 11E98368249B01B0001288C5 /* Assets.xcassets */; };
		11E9836C249B01B0001288C5 /* LaunchScreen.storyboard in Resources */ = {isa = PBXBuildFile; fileRef = 11E9836A249B01B0001288C5 /* LaunchScreen.storyboard */; };
		11E98377249B01B1001288C5 /* FoodTruckTests.swift in Sources */ = {isa = PBXBuildFile; fileRef = 11E98376249B01B1001288C5 /* FoodTruckTests.swift */; };
		11E98382249B01B1001288C5 /* FoodTruckUITests.swift in Sources */ = {isa = PBXBuildFile; fileRef = 11E98381249B01B1001288C5 /* FoodTruckUITests.swift */; };
		333C9F520F3471C67F1AC02E /* Pods_FoodTruck_FoodTruckUITests.framework in Frameworks */ = {isa = PBXBuildFile; fileRef = BC32D9A2FE7BF614C279D431 /* Pods_FoodTruck_FoodTruckUITests.framework */; };
		5CDBD3DE33F3B8A02F76490F /* Pods_FoodTruckTests.framework in Frameworks */ = {isa = PBXBuildFile; fileRef = 744E124459CBEECCA1AC513E /* Pods_FoodTruckTests.framework */; };
		E1067F4724A2F946002BE0A2 /* FoodTruck.xcdatamodeld in Sources */ = {isa = PBXBuildFile; fileRef = E1067F4524A2F946002BE0A2 /* FoodTruck.xcdatamodeld */; };
		E125BEAD249C53CA001FF823 /* CoreDataStack.swift in Sources */ = {isa = PBXBuildFile; fileRef = E125BEAC249C53CA001FF823 /* CoreDataStack.swift */; };
		E162705524A2D35E0042E4FE /* Operator+Convenience.swift in Sources */ = {isa = PBXBuildFile; fileRef = E162705424A2D35E0042E4FE /* Operator+Convenience.swift */; };
		E162705824A2D7BB0042E4FE /* MenuRepresentation.swift in Sources */ = {isa = PBXBuildFile; fileRef = E162705724A2D7BB0042E4FE /* MenuRepresentation.swift */; };
		E162705A24A2D7DA0042E4FE /* Menu+Convenience.swift in Sources */ = {isa = PBXBuildFile; fileRef = E162705924A2D7DA0042E4FE /* Menu+Convenience.swift */; };
		E162705D24A2D8070042E4FE /* TruckRepresentation.swift in Sources */ = {isa = PBXBuildFile; fileRef = E162705C24A2D8070042E4FE /* TruckRepresentation.swift */; };
		E162705F24A2D83E0042E4FE /* Truck+Convenience.swift in Sources */ = {isa = PBXBuildFile; fileRef = E162705E24A2D83E0042E4FE /* Truck+Convenience.swift */; };
		E19208AE24A1B6C70055517E /* OperatorRepresentation.swift in Sources */ = {isa = PBXBuildFile; fileRef = E19208AD24A1B6C70055517E /* OperatorRepresentation.swift */; };
		E192DBEC249CEE4A0076AFE6 /* UserController.swift in Sources */ = {isa = PBXBuildFile; fileRef = E192DBEB249CEE4A0076AFE6 /* UserController.swift */; };
		E19C3C5D24A1A3AF0092878F /* DinerRepresentation.swift in Sources */ = {isa = PBXBuildFile; fileRef = E19C3C5C24A1A3AF0092878F /* DinerRepresentation.swift */; };
		E19C3C5F24A1A4460092878F /* Diner+Convenience.swift in Sources */ = {isa = PBXBuildFile; fileRef = E19C3C5E24A1A4460092878F /* Diner+Convenience.swift */; };
/* End PBXBuildFile section */

/* Begin PBXContainerItemProxy section */
		11E98373249B01B1001288C5 /* PBXContainerItemProxy */ = {
			isa = PBXContainerItemProxy;
			containerPortal = 11E98351249B01A4001288C5 /* Project object */;
			proxyType = 1;
			remoteGlobalIDString = 11E98358249B01A4001288C5;
			remoteInfo = FoodTruck;
		};
		11E9837E249B01B1001288C5 /* PBXContainerItemProxy */ = {
			isa = PBXContainerItemProxy;
			containerPortal = 11E98351249B01A4001288C5 /* Project object */;
			proxyType = 1;
			remoteGlobalIDString = 11E98358249B01A4001288C5;
			remoteInfo = FoodTruck;
		};
/* End PBXContainerItemProxy section */

/* Begin PBXCopyFilesBuildPhase section */
		114A048B249C524A00F22F8F /* Embed Frameworks */ = {
			isa = PBXCopyFilesBuildPhase;
			buildActionMask = 2147483647;
			dstPath = "";
			dstSubfolderSpec = 10;
			files = (
				114A048A249C524A00F22F8F /* Pods_FoodTruck.framework in Embed Frameworks */,
			);
			name = "Embed Frameworks";
			runOnlyForDeploymentPostprocessing = 0;
		};
/* End PBXCopyFilesBuildPhase section */

/* Begin PBXFileReference section */
		10172E8189E912BC8CF901BF /* Pods_FoodTruck.framework */ = {isa = PBXFileReference; explicitFileType = wrapper.framework; includeInIndex = 0; path = Pods_FoodTruck.framework; sourceTree = BUILT_PRODUCTS_DIR; };
		1100E3FF24A19C31009D1A1D /* SearchFoodTruckTableViewController.swift */ = {isa = PBXFileReference; lastKnownFileType = sourcecode.swift; path = SearchFoodTruckTableViewController.swift; sourceTree = "<group>"; };
		1100E40124A19C50009D1A1D /* FoodTruckTableViewCell.swift */ = {isa = PBXFileReference; lastKnownFileType = sourcecode.swift; path = FoodTruckTableViewCell.swift; sourceTree = "<group>"; };
		1100E40324A19C7D009D1A1D /* FoodTruckDetailViewController.swift */ = {isa = PBXFileReference; lastKnownFileType = sourcecode.swift; path = FoodTruckDetailViewController.swift; sourceTree = "<group>"; };
		114A048E249D953F00F22F8F /* LoginViewController.swift */ = {isa = PBXFileReference; lastKnownFileType = sourcecode.swift; path = LoginViewController.swift; sourceTree = "<group>"; };
		114A0492249DA2B600F22F8F /* Operator.storyboard */ = {isa = PBXFileReference; lastKnownFileType = file.storyboard; path = Operator.storyboard; sourceTree = "<group>"; };
		114A0494249DA2C300F22F8F /* Diner.storyboard */ = {isa = PBXFileReference; lastKnownFileType = file.storyboard; path = Diner.storyboard; sourceTree = "<group>"; };
		114A0496249DB35E00F22F8F /* SignInViewController.swift */ = {isa = PBXFileReference; lastKnownFileType = sourcecode.swift; path = SignInViewController.swift; sourceTree = "<group>"; };
		114A0498249DB37300F22F8F /* WelcomeViewController.swift */ = {isa = PBXFileReference; lastKnownFileType = sourcecode.swift; path = WelcomeViewController.swift; sourceTree = "<group>"; };
		114A049A249DB38B00F22F8F /* DinerOrOperatorViewController.swift */ = {isa = PBXFileReference; lastKnownFileType = sourcecode.swift; path = DinerOrOperatorViewController.swift; sourceTree = "<group>"; };
		114A04A2249ED52F00F22F8F /* OperatorViewController.swift */ = {isa = PBXFileReference; lastKnownFileType = sourcecode.swift; path = OperatorViewController.swift; sourceTree = "<group>"; };
		11E98359249B01A4001288C5 /* FoodTruck.app */ = {isa = PBXFileReference; explicitFileType = wrapper.application; includeInIndex = 0; path = FoodTruck.app; sourceTree = BUILT_PRODUCTS_DIR; };
		11E9835C249B01A5001288C5 /* AppDelegate.swift */ = {isa = PBXFileReference; lastKnownFileType = sourcecode.swift; path = AppDelegate.swift; sourceTree = "<group>"; };
		11E9835E249B01A5001288C5 /* SceneDelegate.swift */ = {isa = PBXFileReference; lastKnownFileType = sourcecode.swift; path = SceneDelegate.swift; sourceTree = "<group>"; };
		11E98360249B01A5001288C5 /* ViewController.swift */ = {isa = PBXFileReference; lastKnownFileType = sourcecode.swift; path = ViewController.swift; sourceTree = "<group>"; };
		11E98363249B01A5001288C5 /* Base */ = {isa = PBXFileReference; lastKnownFileType = file.storyboard; name = Base; path = Base.lproj/Main.storyboard; sourceTree = "<group>"; };
		11E98368249B01B0001288C5 /* Assets.xcassets */ = {isa = PBXFileReference; lastKnownFileType = folder.assetcatalog; path = Assets.xcassets; sourceTree = "<group>"; };
		11E9836B249B01B0001288C5 /* Base */ = {isa = PBXFileReference; lastKnownFileType = file.storyboard; name = Base; path = Base.lproj/LaunchScreen.storyboard; sourceTree = "<group>"; };
		11E9836D249B01B0001288C5 /* Info.plist */ = {isa = PBXFileReference; lastKnownFileType = text.plist.xml; path = Info.plist; sourceTree = "<group>"; };
		11E98372249B01B1001288C5 /* FoodTruckTests.xctest */ = {isa = PBXFileReference; explicitFileType = wrapper.cfbundle; includeInIndex = 0; path = FoodTruckTests.xctest; sourceTree = BUILT_PRODUCTS_DIR; };
		11E98376249B01B1001288C5 /* FoodTruckTests.swift */ = {isa = PBXFileReference; lastKnownFileType = sourcecode.swift; path = FoodTruckTests.swift; sourceTree = "<group>"; };
		11E98378249B01B1001288C5 /* Info.plist */ = {isa = PBXFileReference; lastKnownFileType = text.plist.xml; path = Info.plist; sourceTree = "<group>"; };
		11E9837D249B01B1001288C5 /* FoodTruckUITests.xctest */ = {isa = PBXFileReference; explicitFileType = wrapper.cfbundle; includeInIndex = 0; path = FoodTruckUITests.xctest; sourceTree = BUILT_PRODUCTS_DIR; };
		11E98381249B01B1001288C5 /* FoodTruckUITests.swift */ = {isa = PBXFileReference; lastKnownFileType = sourcecode.swift; path = FoodTruckUITests.swift; sourceTree = "<group>"; };
		11E98383249B01B1001288C5 /* Info.plist */ = {isa = PBXFileReference; lastKnownFileType = text.plist.xml; path = Info.plist; sourceTree = "<group>"; };
		21FAA8EDC20281232FDEE595 /* Pods-FoodTruckTests.debug.xcconfig */ = {isa = PBXFileReference; includeInIndex = 1; lastKnownFileType = text.xcconfig; name = "Pods-FoodTruckTests.debug.xcconfig"; path = "Target Support Files/Pods-FoodTruckTests/Pods-FoodTruckTests.debug.xcconfig"; sourceTree = "<group>"; };
		26353190FDB955250DB60BC2 /* Pods-FoodTruck.release.xcconfig */ = {isa = PBXFileReference; includeInIndex = 1; lastKnownFileType = text.xcconfig; name = "Pods-FoodTruck.release.xcconfig"; path = "Target Support Files/Pods-FoodTruck/Pods-FoodTruck.release.xcconfig"; sourceTree = "<group>"; };
		44BABA518CA25F98989D4799 /* Pods-FoodTruck.debug.xcconfig */ = {isa = PBXFileReference; includeInIndex = 1; lastKnownFileType = text.xcconfig; name = "Pods-FoodTruck.debug.xcconfig"; path = "Target Support Files/Pods-FoodTruck/Pods-FoodTruck.debug.xcconfig"; sourceTree = "<group>"; };
		6D8D4F541BA407F4B0B0D85D /* Pods-FoodTruck-FoodTruckUITests.release.xcconfig */ = {isa = PBXFileReference; includeInIndex = 1; lastKnownFileType = text.xcconfig; name = "Pods-FoodTruck-FoodTruckUITests.release.xcconfig"; path = "Target Support Files/Pods-FoodTruck-FoodTruckUITests/Pods-FoodTruck-FoodTruckUITests.release.xcconfig"; sourceTree = "<group>"; };
		744E124459CBEECCA1AC513E /* Pods_FoodTruckTests.framework */ = {isa = PBXFileReference; explicitFileType = wrapper.framework; includeInIndex = 0; path = Pods_FoodTruckTests.framework; sourceTree = BUILT_PRODUCTS_DIR; };
		7678D0B9075A92F1C83FD053 /* Pods-FoodTruckTests.release.xcconfig */ = {isa = PBXFileReference; includeInIndex = 1; lastKnownFileType = text.xcconfig; name = "Pods-FoodTruckTests.release.xcconfig"; path = "Target Support Files/Pods-FoodTruckTests/Pods-FoodTruckTests.release.xcconfig"; sourceTree = "<group>"; };
		BC32D9A2FE7BF614C279D431 /* Pods_FoodTruck_FoodTruckUITests.framework */ = {isa = PBXFileReference; explicitFileType = wrapper.framework; includeInIndex = 0; path = Pods_FoodTruck_FoodTruckUITests.framework; sourceTree = BUILT_PRODUCTS_DIR; };
		E1067F4624A2F946002BE0A2 /* FoodTruck.xcdatamodel */ = {isa = PBXFileReference; lastKnownFileType = wrapper.xcdatamodel; path = FoodTruck.xcdatamodel; sourceTree = "<group>"; };
		E125BEAC249C53CA001FF823 /* CoreDataStack.swift */ = {isa = PBXFileReference; lastKnownFileType = sourcecode.swift; path = CoreDataStack.swift; sourceTree = "<group>"; };
		E162705424A2D35E0042E4FE /* Operator+Convenience.swift */ = {isa = PBXFileReference; lastKnownFileType = sourcecode.swift; path = "Operator+Convenience.swift"; sourceTree = "<group>"; };
		E162705724A2D7BB0042E4FE /* MenuRepresentation.swift */ = {isa = PBXFileReference; lastKnownFileType = sourcecode.swift; path = MenuRepresentation.swift; sourceTree = "<group>"; };
		E162705924A2D7DA0042E4FE /* Menu+Convenience.swift */ = {isa = PBXFileReference; lastKnownFileType = sourcecode.swift; path = "Menu+Convenience.swift"; sourceTree = "<group>"; };
		E162705C24A2D8070042E4FE /* TruckRepresentation.swift */ = {isa = PBXFileReference; lastKnownFileType = sourcecode.swift; path = TruckRepresentation.swift; sourceTree = "<group>"; };
		E162705E24A2D83E0042E4FE /* Truck+Convenience.swift */ = {isa = PBXFileReference; lastKnownFileType = sourcecode.swift; path = "Truck+Convenience.swift"; sourceTree = "<group>"; };
		E19208AD24A1B6C70055517E /* OperatorRepresentation.swift */ = {isa = PBXFileReference; lastKnownFileType = sourcecode.swift; path = OperatorRepresentation.swift; sourceTree = "<group>"; };
		E192DBEB249CEE4A0076AFE6 /* UserController.swift */ = {isa = PBXFileReference; lastKnownFileType = sourcecode.swift; path = UserController.swift; sourceTree = "<group>"; };
		E19C3C5C24A1A3AF0092878F /* DinerRepresentation.swift */ = {isa = PBXFileReference; lastKnownFileType = sourcecode.swift; path = DinerRepresentation.swift; sourceTree = "<group>"; };
		E19C3C5E24A1A4460092878F /* Diner+Convenience.swift */ = {isa = PBXFileReference; lastKnownFileType = sourcecode.swift; path = "Diner+Convenience.swift"; sourceTree = "<group>"; };
		ECDB61DEC33C7167212C42B3 /* Pods-FoodTruck-FoodTruckUITests.debug.xcconfig */ = {isa = PBXFileReference; includeInIndex = 1; lastKnownFileType = text.xcconfig; name = "Pods-FoodTruck-FoodTruckUITests.debug.xcconfig"; path = "Target Support Files/Pods-FoodTruck-FoodTruckUITests/Pods-FoodTruck-FoodTruckUITests.debug.xcconfig"; sourceTree = "<group>"; };
/* End PBXFileReference section */

/* Begin PBXFrameworksBuildPhase section */
		11E98356249B01A4001288C5 /* Frameworks */ = {
			isa = PBXFrameworksBuildPhase;
			buildActionMask = 2147483647;
			files = (
				114A0489249C524A00F22F8F /* Pods_FoodTruck.framework in Frameworks */,
			);
			runOnlyForDeploymentPostprocessing = 0;
		};
		11E9836F249B01B1001288C5 /* Frameworks */ = {
			isa = PBXFrameworksBuildPhase;
			buildActionMask = 2147483647;
			files = (
				5CDBD3DE33F3B8A02F76490F /* Pods_FoodTruckTests.framework in Frameworks */,
			);
			runOnlyForDeploymentPostprocessing = 0;
		};
		11E9837A249B01B1001288C5 /* Frameworks */ = {
			isa = PBXFrameworksBuildPhase;
			buildActionMask = 2147483647;
			files = (
				333C9F520F3471C67F1AC02E /* Pods_FoodTruck_FoodTruckUITests.framework in Frameworks */,
			);
			runOnlyForDeploymentPostprocessing = 0;
		};
/* End PBXFrameworksBuildPhase section */

/* Begin PBXGroup section */
		114A048D249D94CA00F22F8F /* Log In Views Controllers */ = {
			isa = PBXGroup;
			children = (
				114A048E249D953F00F22F8F /* LoginViewController.swift */,
				114A0496249DB35E00F22F8F /* SignInViewController.swift */,
				114A0498249DB37300F22F8F /* WelcomeViewController.swift */,
				114A049A249DB38B00F22F8F /* DinerOrOperatorViewController.swift */,
			);
			path = "Log In Views Controllers";
			sourceTree = "<group>";
		};
		114A049C249EBEC300F22F8F /* Diner View Controllers */ = {
			isa = PBXGroup;
			children = (
				1100E3FF24A19C31009D1A1D /* SearchFoodTruckTableViewController.swift */,
				1100E40124A19C50009D1A1D /* FoodTruckTableViewCell.swift */,
				1100E40324A19C7D009D1A1D /* FoodTruckDetailViewController.swift */,
			);
			path = "Diner View Controllers";
			sourceTree = "<group>";
		};
		114A04A1249ED51300F22F8F /* Operator View Controllers */ = {
			isa = PBXGroup;
			children = (
				114A04A2249ED52F00F22F8F /* OperatorViewController.swift */,
			);
			path = "Operator View Controllers";
			sourceTree = "<group>";
		};
		11E98350249B01A4001288C5 = {
			isa = PBXGroup;
			children = (
				11E9835B249B01A5001288C5 /* FoodTruck */,
				11E98375249B01B1001288C5 /* FoodTruckTests */,
				11E98380249B01B1001288C5 /* FoodTruckUITests */,
				11E9835A249B01A4001288C5 /* Products */,
				DCA62DC240F828E8638F91FA /* Pods */,
				2FE0755E44F7D4230E11C85F /* Frameworks */,
			);
			sourceTree = "<group>";
		};
		11E9835A249B01A4001288C5 /* Products */ = {
			isa = PBXGroup;
			children = (
				11E98359249B01A4001288C5 /* FoodTruck.app */,
				11E98372249B01B1001288C5 /* FoodTruckTests.xctest */,
				11E9837D249B01B1001288C5 /* FoodTruckUITests.xctest */,
			);
			name = Products;
			sourceTree = "<group>";
		};
		11E9835B249B01A5001288C5 /* FoodTruck */ = {
			isa = PBXGroup;
			children = (
				114A04A1249ED51300F22F8F /* Operator View Controllers */,
				114A049C249EBEC300F22F8F /* Diner View Controllers */,
				114A048D249D94CA00F22F8F /* Log In Views Controllers */,
				E125BEA7249C5085001FF823 /* Model */,
				E11EA292249C6DB200ABD735 /* Model Contollers  */,
				E125BEAE249C5668001FF823 /* Storyboard */,
				E125BEA6249C4D18001FF823 /* Application */,
				11E98360249B01A5001288C5 /* ViewController.swift */,
				11E9836D249B01B0001288C5 /* Info.plist */,
			);
			path = FoodTruck;
			sourceTree = "<group>";
		};
		11E98375249B01B1001288C5 /* FoodTruckTests */ = {
			isa = PBXGroup;
			children = (
				11E98376249B01B1001288C5 /* FoodTruckTests.swift */,
				11E98378249B01B1001288C5 /* Info.plist */,
			);
			path = FoodTruckTests;
			sourceTree = "<group>";
		};
		11E98380249B01B1001288C5 /* FoodTruckUITests */ = {
			isa = PBXGroup;
			children = (
				11E98381249B01B1001288C5 /* FoodTruckUITests.swift */,
				11E98383249B01B1001288C5 /* Info.plist */,
			);
			path = FoodTruckUITests;
			sourceTree = "<group>";
		};
		2FE0755E44F7D4230E11C85F /* Frameworks */ = {
			isa = PBXGroup;
			children = (
				10172E8189E912BC8CF901BF /* Pods_FoodTruck.framework */,
				BC32D9A2FE7BF614C279D431 /* Pods_FoodTruck_FoodTruckUITests.framework */,
				744E124459CBEECCA1AC513E /* Pods_FoodTruckTests.framework */,
			);
			name = Frameworks;
			sourceTree = "<group>";
		};
		DCA62DC240F828E8638F91FA /* Pods */ = {
			isa = PBXGroup;
			children = (
				44BABA518CA25F98989D4799 /* Pods-FoodTruck.debug.xcconfig */,
				26353190FDB955250DB60BC2 /* Pods-FoodTruck.release.xcconfig */,
				ECDB61DEC33C7167212C42B3 /* Pods-FoodTruck-FoodTruckUITests.debug.xcconfig */,
				6D8D4F541BA407F4B0B0D85D /* Pods-FoodTruck-FoodTruckUITests.release.xcconfig */,
				21FAA8EDC20281232FDEE595 /* Pods-FoodTruckTests.debug.xcconfig */,
				7678D0B9075A92F1C83FD053 /* Pods-FoodTruckTests.release.xcconfig */,
			);
			path = Pods;
			sourceTree = "<group>";
		};
		E11EA292249C6DB200ABD735 /* Model Contollers  */ = {
			isa = PBXGroup;
			children = (
				E192DBEB249CEE4A0076AFE6 /* UserController.swift */,
			);
			path = "Model Contollers ";
			sourceTree = "<group>";
		};
		E125BEA6249C4D18001FF823 /* Application */ = {
			isa = PBXGroup;
			children = (
				11E98368249B01B0001288C5 /* Assets.xcassets */,
				11E9835E249B01A5001288C5 /* SceneDelegate.swift */,
				11E9835C249B01A5001288C5 /* AppDelegate.swift */,
			);
			path = Application;
			sourceTree = "<group>";
		};
		E125BEA7249C5085001FF823 /* Model */ = {
			isa = PBXGroup;
			children = (
				E1067F4524A2F946002BE0A2 /* FoodTruck.xcdatamodeld */,
				E125BEAC249C53CA001FF823 /* CoreDataStack.swift */,
				E162705B24A2D7E50042E4FE /* Truck Model */,
				E162705624A2D7610042E4FE /* Menu Model */,
				E19208AC24A1B6790055517E /* Operator Model  */,
				E19C3C6024A1A72B0092878F /* Diner Model */,
			);
			path = Model;
			sourceTree = "<group>";
		};
		E125BEAE249C5668001FF823 /* Storyboard */ = {
			isa = PBXGroup;
			children = (
				11E9836A249B01B0001288C5 /* LaunchScreen.storyboard */,
				11E98362249B01A5001288C5 /* Main.storyboard */,
				114A0492249DA2B600F22F8F /* Operator.storyboard */,
				114A0494249DA2C300F22F8F /* Diner.storyboard */,
			);
			path = Storyboard;
			sourceTree = "<group>";
		};
		E162705624A2D7610042E4FE /* Menu Model */ = {
			isa = PBXGroup;
			children = (
				E162705724A2D7BB0042E4FE /* MenuRepresentation.swift */,
				E162705924A2D7DA0042E4FE /* Menu+Convenience.swift */,
			);
			path = "Menu Model";
			sourceTree = "<group>";
		};
		E162705B24A2D7E50042E4FE /* Truck Model */ = {
			isa = PBXGroup;
			children = (
				E162705C24A2D8070042E4FE /* TruckRepresentation.swift */,
				E162705E24A2D83E0042E4FE /* Truck+Convenience.swift */,
			);
			path = "Truck Model";
			sourceTree = "<group>";
		};
		E19208AC24A1B6790055517E /* Operator Model  */ = {
			isa = PBXGroup;
			children = (
				E19208AD24A1B6C70055517E /* OperatorRepresentation.swift */,
				E162705424A2D35E0042E4FE /* Operator+Convenience.swift */,
			);
			path = "Operator Model ";
			sourceTree = "<group>";
		};
		E19C3C6024A1A72B0092878F /* Diner Model */ = {
			isa = PBXGroup;
			children = (
				E19C3C5C24A1A3AF0092878F /* DinerRepresentation.swift */,
				E19C3C5E24A1A4460092878F /* Diner+Convenience.swift */,
			);
			path = "Diner Model";
			sourceTree = "<group>";
		};
/* End PBXGroup section */

/* Begin PBXNativeTarget section */
		11E98358249B01A4001288C5 /* FoodTruck */ = {
			isa = PBXNativeTarget;
			buildConfigurationList = 11E98386249B01B1001288C5 /* Build configuration list for PBXNativeTarget "FoodTruck" */;
			buildPhases = (
				7BF1B0DC5C09403748CD882E /* [CP] Check Pods Manifest.lock */,
				11E98355249B01A4001288C5 /* Sources */,
				11E98356249B01A4001288C5 /* Frameworks */,
				11E98357249B01A4001288C5 /* Resources */,
				114A048B249C524A00F22F8F /* Embed Frameworks */,
				114A048C249C52BC00F22F8F /* ShellScript */,
			);
			buildRules = (
			);
			dependencies = (
			);
			name = FoodTruck;
			productName = FoodTruck;
			productReference = 11E98359249B01A4001288C5 /* FoodTruck.app */;
			productType = "com.apple.product-type.application";
		};
		11E98371249B01B1001288C5 /* FoodTruckTests */ = {
			isa = PBXNativeTarget;
			buildConfigurationList = 11E98389249B01B1001288C5 /* Build configuration list for PBXNativeTarget "FoodTruckTests" */;
			buildPhases = (
				407B2E6D2FACF0488C5B41D6 /* [CP] Check Pods Manifest.lock */,
				11E9836E249B01B1001288C5 /* Sources */,
				11E9836F249B01B1001288C5 /* Frameworks */,
				11E98370249B01B1001288C5 /* Resources */,
			);
			buildRules = (
			);
			dependencies = (
				11E98374249B01B1001288C5 /* PBXTargetDependency */,
			);
			name = FoodTruckTests;
			productName = FoodTruckTests;
			productReference = 11E98372249B01B1001288C5 /* FoodTruckTests.xctest */;
			productType = "com.apple.product-type.bundle.unit-test";
		};
		11E9837C249B01B1001288C5 /* FoodTruckUITests */ = {
			isa = PBXNativeTarget;
			buildConfigurationList = 11E9838C249B01B1001288C5 /* Build configuration list for PBXNativeTarget "FoodTruckUITests" */;
			buildPhases = (
				5553C405B360D6B7DB8B547F /* [CP] Check Pods Manifest.lock */,
				11E98379249B01B1001288C5 /* Sources */,
				11E9837A249B01B1001288C5 /* Frameworks */,
				11E9837B249B01B1001288C5 /* Resources */,
			);
			buildRules = (
			);
			dependencies = (
				11E9837F249B01B1001288C5 /* PBXTargetDependency */,
			);
			name = FoodTruckUITests;
			productName = FoodTruckUITests;
			productReference = 11E9837D249B01B1001288C5 /* FoodTruckUITests.xctest */;
			productType = "com.apple.product-type.bundle.ui-testing";
		};
/* End PBXNativeTarget section */

/* Begin PBXProject section */
		11E98351249B01A4001288C5 /* Project object */ = {
			isa = PBXProject;
			attributes = {
				LastSwiftUpdateCheck = 1150;
				LastUpgradeCheck = 1150;
				ORGANIZATIONNAME = "Kevin Stewart";
				TargetAttributes = {
					11E98358249B01A4001288C5 = {
						CreatedOnToolsVersion = 11.5;
					};
					11E98371249B01B1001288C5 = {
						CreatedOnToolsVersion = 11.5;
						TestTargetID = 11E98358249B01A4001288C5;
					};
					11E9837C249B01B1001288C5 = {
						CreatedOnToolsVersion = 11.5;
						TestTargetID = 11E98358249B01A4001288C5;
					};
				};
			};
			buildConfigurationList = 11E98354249B01A4001288C5 /* Build configuration list for PBXProject "FoodTruck" */;
			compatibilityVersion = "Xcode 9.3";
			developmentRegion = en;
			hasScannedForEncodings = 0;
			knownRegions = (
				en,
				Base,
			);
			mainGroup = 11E98350249B01A4001288C5;
			productRefGroup = 11E9835A249B01A4001288C5 /* Products */;
			projectDirPath = "";
			projectRoot = "";
			targets = (
				11E98358249B01A4001288C5 /* FoodTruck */,
				11E98371249B01B1001288C5 /* FoodTruckTests */,
				11E9837C249B01B1001288C5 /* FoodTruckUITests */,
			);
		};
/* End PBXProject section */

/* Begin PBXResourcesBuildPhase section */
		11E98357249B01A4001288C5 /* Resources */ = {
			isa = PBXResourcesBuildPhase;
			buildActionMask = 2147483647;
			files = (
				11E9836C249B01B0001288C5 /* LaunchScreen.storyboard in Resources */,
				11E98369249B01B0001288C5 /* Assets.xcassets in Resources */,
				114A0493249DA2B600F22F8F /* Operator.storyboard in Resources */,
				11E98364249B01A5001288C5 /* Main.storyboard in Resources */,
				114A0495249DA2C300F22F8F /* Diner.storyboard in Resources */,
			);
			runOnlyForDeploymentPostprocessing = 0;
		};
		11E98370249B01B1001288C5 /* Resources */ = {
			isa = PBXResourcesBuildPhase;
			buildActionMask = 2147483647;
			files = (
			);
			runOnlyForDeploymentPostprocessing = 0;
		};
		11E9837B249B01B1001288C5 /* Resources */ = {
			isa = PBXResourcesBuildPhase;
			buildActionMask = 2147483647;
			files = (
			);
			runOnlyForDeploymentPostprocessing = 0;
		};
/* End PBXResourcesBuildPhase section */

/* Begin PBXShellScriptBuildPhase section */
		114A048C249C52BC00F22F8F /* ShellScript */ = {
			isa = PBXShellScriptBuildPhase;
			buildActionMask = 2147483647;
			files = (
			);
			inputFileListPaths = (
			);
			inputPaths = (
			);
			outputFileListPaths = (
			);
			outputPaths = (
			);
			runOnlyForDeploymentPostprocessing = 0;
			shellPath = /bin/sh;
			shellScript = "# Type a script or drag a script file from your workspace to insert its path.\nif which swiftlint >/dev/null; then\n  swiftlint\nelse\n  echo \"warning: SwiftLint not installed, download from https://github.com/realm/SwiftLint\"\nfi\n";
		};
		407B2E6D2FACF0488C5B41D6 /* [CP] Check Pods Manifest.lock */ = {
			isa = PBXShellScriptBuildPhase;
			buildActionMask = 2147483647;
			files = (
			);
			inputFileListPaths = (
			);
			inputPaths = (
				"${PODS_PODFILE_DIR_PATH}/Podfile.lock",
				"${PODS_ROOT}/Manifest.lock",
			);
			name = "[CP] Check Pods Manifest.lock";
			outputFileListPaths = (
			);
			outputPaths = (
				"$(DERIVED_FILE_DIR)/Pods-FoodTruckTests-checkManifestLockResult.txt",
			);
			runOnlyForDeploymentPostprocessing = 0;
			shellPath = /bin/sh;
			shellScript = "diff \"${PODS_PODFILE_DIR_PATH}/Podfile.lock\" \"${PODS_ROOT}/Manifest.lock\" > /dev/null\nif [ $? != 0 ] ; then\n    # print error to STDERR\n    echo \"error: The sandbox is not in sync with the Podfile.lock. Run 'pod install' or update your CocoaPods installation.\" >&2\n    exit 1\nfi\n# This output is used by Xcode 'outputs' to avoid re-running this script phase.\necho \"SUCCESS\" > \"${SCRIPT_OUTPUT_FILE_0}\"\n";
			showEnvVarsInLog = 0;
		};
		5553C405B360D6B7DB8B547F /* [CP] Check Pods Manifest.lock */ = {
			isa = PBXShellScriptBuildPhase;
			buildActionMask = 2147483647;
			files = (
			);
			inputFileListPaths = (
			);
			inputPaths = (
				"${PODS_PODFILE_DIR_PATH}/Podfile.lock",
				"${PODS_ROOT}/Manifest.lock",
			);
			name = "[CP] Check Pods Manifest.lock";
			outputFileListPaths = (
			);
			outputPaths = (
				"$(DERIVED_FILE_DIR)/Pods-FoodTruck-FoodTruckUITests-checkManifestLockResult.txt",
			);
			runOnlyForDeploymentPostprocessing = 0;
			shellPath = /bin/sh;
			shellScript = "diff \"${PODS_PODFILE_DIR_PATH}/Podfile.lock\" \"${PODS_ROOT}/Manifest.lock\" > /dev/null\nif [ $? != 0 ] ; then\n    # print error to STDERR\n    echo \"error: The sandbox is not in sync with the Podfile.lock. Run 'pod install' or update your CocoaPods installation.\" >&2\n    exit 1\nfi\n# This output is used by Xcode 'outputs' to avoid re-running this script phase.\necho \"SUCCESS\" > \"${SCRIPT_OUTPUT_FILE_0}\"\n";
			showEnvVarsInLog = 0;
		};
		7BF1B0DC5C09403748CD882E /* [CP] Check Pods Manifest.lock */ = {
			isa = PBXShellScriptBuildPhase;
			buildActionMask = 2147483647;
			files = (
			);
			inputFileListPaths = (
			);
			inputPaths = (
				"${PODS_PODFILE_DIR_PATH}/Podfile.lock",
				"${PODS_ROOT}/Manifest.lock",
			);
			name = "[CP] Check Pods Manifest.lock";
			outputFileListPaths = (
			);
			outputPaths = (
				"$(DERIVED_FILE_DIR)/Pods-FoodTruck-checkManifestLockResult.txt",
			);
			runOnlyForDeploymentPostprocessing = 0;
			shellPath = /bin/sh;
			shellScript = "diff \"${PODS_PODFILE_DIR_PATH}/Podfile.lock\" \"${PODS_ROOT}/Manifest.lock\" > /dev/null\nif [ $? != 0 ] ; then\n    # print error to STDERR\n    echo \"error: The sandbox is not in sync with the Podfile.lock. Run 'pod install' or update your CocoaPods installation.\" >&2\n    exit 1\nfi\n# This output is used by Xcode 'outputs' to avoid re-running this script phase.\necho \"SUCCESS\" > \"${SCRIPT_OUTPUT_FILE_0}\"\n";
			showEnvVarsInLog = 0;
		};
/* End PBXShellScriptBuildPhase section */

/* Begin PBXSourcesBuildPhase section */
		11E98355249B01A4001288C5 /* Sources */ = {
			isa = PBXSourcesBuildPhase;
			buildActionMask = 2147483647;
			files = (
				E162705A24A2D7DA0042E4FE /* Menu+Convenience.swift in Sources */,
				11E98361249B01A5001288C5 /* ViewController.swift in Sources */,
				1100E40224A19C50009D1A1D /* FoodTruckTableViewCell.swift in Sources */,
				114A0499249DB37400F22F8F /* WelcomeViewController.swift in Sources */,
				11E9835D249B01A5001288C5 /* AppDelegate.swift in Sources */,
				E192DBEC249CEE4A0076AFE6 /* UserController.swift in Sources */,
				E162705524A2D35E0042E4FE /* Operator+Convenience.swift in Sources */,
				E19C3C5D24A1A3AF0092878F /* DinerRepresentation.swift in Sources */,
				E162705D24A2D8070042E4FE /* TruckRepresentation.swift in Sources */,
				E125BEAD249C53CA001FF823 /* CoreDataStack.swift in Sources */,
				114A049B249DB38B00F22F8F /* DinerOrOperatorViewController.swift in Sources */,
				114A048F249D953F00F22F8F /* LoginViewController.swift in Sources */,
				114A0497249DB35E00F22F8F /* SignInViewController.swift in Sources */,
				1100E40024A19C31009D1A1D /* SearchFoodTruckTableViewController.swift in Sources */,
				11E9835F249B01A5001288C5 /* SceneDelegate.swift in Sources */,
				E162705F24A2D83E0042E4FE /* Truck+Convenience.swift in Sources */,
				1100E40424A19C7D009D1A1D /* FoodTruckDetailViewController.swift in Sources */,
				E162705824A2D7BB0042E4FE /* MenuRepresentation.swift in Sources */,
				E19C3C5F24A1A4460092878F /* Diner+Convenience.swift in Sources */,
				E19208AE24A1B6C70055517E /* OperatorRepresentation.swift in Sources */,
				E1067F4724A2F946002BE0A2 /* FoodTruck.xcdatamodeld in Sources */,
			);
			runOnlyForDeploymentPostprocessing = 0;
		};
		11E9836E249B01B1001288C5 /* Sources */ = {
			isa = PBXSourcesBuildPhase;
			buildActionMask = 2147483647;
			files = (
				11E98377249B01B1001288C5 /* FoodTruckTests.swift in Sources */,
			);
			runOnlyForDeploymentPostprocessing = 0;
		};
		11E98379249B01B1001288C5 /* Sources */ = {
			isa = PBXSourcesBuildPhase;
			buildActionMask = 2147483647;
			files = (
				11E98382249B01B1001288C5 /* FoodTruckUITests.swift in Sources */,
			);
			runOnlyForDeploymentPostprocessing = 0;
		};
/* End PBXSourcesBuildPhase section */

/* Begin PBXTargetDependency section */
		11E98374249B01B1001288C5 /* PBXTargetDependency */ = {
			isa = PBXTargetDependency;
			target = 11E98358249B01A4001288C5 /* FoodTruck */;
			targetProxy = 11E98373249B01B1001288C5 /* PBXContainerItemProxy */;
		};
		11E9837F249B01B1001288C5 /* PBXTargetDependency */ = {
			isa = PBXTargetDependency;
			target = 11E98358249B01A4001288C5 /* FoodTruck */;
			targetProxy = 11E9837E249B01B1001288C5 /* PBXContainerItemProxy */;
		};
/* End PBXTargetDependency section */

/* Begin PBXVariantGroup section */
		11E98362249B01A5001288C5 /* Main.storyboard */ = {
			isa = PBXVariantGroup;
			children = (
				11E98363249B01A5001288C5 /* Base */,
			);
			name = Main.storyboard;
			sourceTree = "<group>";
		};
		11E9836A249B01B0001288C5 /* LaunchScreen.storyboard */ = {
			isa = PBXVariantGroup;
			children = (
				11E9836B249B01B0001288C5 /* Base */,
			);
			name = LaunchScreen.storyboard;
			sourceTree = "<group>";
		};
/* End PBXVariantGroup section */

/* Begin XCBuildConfiguration section */
		11E98384249B01B1001288C5 /* Debug */ = {
			isa = XCBuildConfiguration;
			buildSettings = {
				ALWAYS_SEARCH_USER_PATHS = NO;
				CLANG_ANALYZER_NONNULL = YES;
				CLANG_ANALYZER_NUMBER_OBJECT_CONVERSION = YES_AGGRESSIVE;
				CLANG_CXX_LANGUAGE_STANDARD = "gnu++14";
				CLANG_CXX_LIBRARY = "libc++";
				CLANG_ENABLE_MODULES = YES;
				CLANG_ENABLE_OBJC_ARC = YES;
				CLANG_ENABLE_OBJC_WEAK = YES;
				CLANG_WARN_BLOCK_CAPTURE_AUTORELEASING = YES;
				CLANG_WARN_BOOL_CONVERSION = YES;
				CLANG_WARN_COMMA = YES;
				CLANG_WARN_CONSTANT_CONVERSION = YES;
				CLANG_WARN_DEPRECATED_OBJC_IMPLEMENTATIONS = YES;
				CLANG_WARN_DIRECT_OBJC_ISA_USAGE = YES_ERROR;
				CLANG_WARN_DOCUMENTATION_COMMENTS = YES;
				CLANG_WARN_EMPTY_BODY = YES;
				CLANG_WARN_ENUM_CONVERSION = YES;
				CLANG_WARN_INFINITE_RECURSION = YES;
				CLANG_WARN_INT_CONVERSION = YES;
				CLANG_WARN_NON_LITERAL_NULL_CONVERSION = YES;
				CLANG_WARN_OBJC_IMPLICIT_RETAIN_SELF = YES;
				CLANG_WARN_OBJC_LITERAL_CONVERSION = YES;
				CLANG_WARN_OBJC_ROOT_CLASS = YES_ERROR;
				CLANG_WARN_RANGE_LOOP_ANALYSIS = YES;
				CLANG_WARN_STRICT_PROTOTYPES = YES;
				CLANG_WARN_SUSPICIOUS_MOVE = YES;
				CLANG_WARN_UNGUARDED_AVAILABILITY = YES_AGGRESSIVE;
				CLANG_WARN_UNREACHABLE_CODE = YES;
				CLANG_WARN__DUPLICATE_METHOD_MATCH = YES;
				COPY_PHASE_STRIP = NO;
				DEBUG_INFORMATION_FORMAT = dwarf;
				ENABLE_STRICT_OBJC_MSGSEND = YES;
				ENABLE_TESTABILITY = YES;
				GCC_C_LANGUAGE_STANDARD = gnu11;
				GCC_DYNAMIC_NO_PIC = NO;
				GCC_NO_COMMON_BLOCKS = YES;
				GCC_OPTIMIZATION_LEVEL = 0;
				GCC_PREPROCESSOR_DEFINITIONS = (
					"DEBUG=1",
					"$(inherited)",
				);
				GCC_WARN_64_TO_32_BIT_CONVERSION = YES;
				GCC_WARN_ABOUT_RETURN_TYPE = YES_ERROR;
				GCC_WARN_UNDECLARED_SELECTOR = YES;
				GCC_WARN_UNINITIALIZED_AUTOS = YES_AGGRESSIVE;
				GCC_WARN_UNUSED_FUNCTION = YES;
				GCC_WARN_UNUSED_VARIABLE = YES;
				IPHONEOS_DEPLOYMENT_TARGET = 13.5;
				MTL_ENABLE_DEBUG_INFO = INCLUDE_SOURCE;
				MTL_FAST_MATH = YES;
				ONLY_ACTIVE_ARCH = YES;
				SDKROOT = iphoneos;
				SWIFT_ACTIVE_COMPILATION_CONDITIONS = DEBUG;
				SWIFT_OPTIMIZATION_LEVEL = "-Onone";
			};
			name = Debug;
		};
		11E98385249B01B1001288C5 /* Release */ = {
			isa = XCBuildConfiguration;
			buildSettings = {
				ALWAYS_SEARCH_USER_PATHS = NO;
				CLANG_ANALYZER_NONNULL = YES;
				CLANG_ANALYZER_NUMBER_OBJECT_CONVERSION = YES_AGGRESSIVE;
				CLANG_CXX_LANGUAGE_STANDARD = "gnu++14";
				CLANG_CXX_LIBRARY = "libc++";
				CLANG_ENABLE_MODULES = YES;
				CLANG_ENABLE_OBJC_ARC = YES;
				CLANG_ENABLE_OBJC_WEAK = YES;
				CLANG_WARN_BLOCK_CAPTURE_AUTORELEASING = YES;
				CLANG_WARN_BOOL_CONVERSION = YES;
				CLANG_WARN_COMMA = YES;
				CLANG_WARN_CONSTANT_CONVERSION = YES;
				CLANG_WARN_DEPRECATED_OBJC_IMPLEMENTATIONS = YES;
				CLANG_WARN_DIRECT_OBJC_ISA_USAGE = YES_ERROR;
				CLANG_WARN_DOCUMENTATION_COMMENTS = YES;
				CLANG_WARN_EMPTY_BODY = YES;
				CLANG_WARN_ENUM_CONVERSION = YES;
				CLANG_WARN_INFINITE_RECURSION = YES;
				CLANG_WARN_INT_CONVERSION = YES;
				CLANG_WARN_NON_LITERAL_NULL_CONVERSION = YES;
				CLANG_WARN_OBJC_IMPLICIT_RETAIN_SELF = YES;
				CLANG_WARN_OBJC_LITERAL_CONVERSION = YES;
				CLANG_WARN_OBJC_ROOT_CLASS = YES_ERROR;
				CLANG_WARN_RANGE_LOOP_ANALYSIS = YES;
				CLANG_WARN_STRICT_PROTOTYPES = YES;
				CLANG_WARN_SUSPICIOUS_MOVE = YES;
				CLANG_WARN_UNGUARDED_AVAILABILITY = YES_AGGRESSIVE;
				CLANG_WARN_UNREACHABLE_CODE = YES;
				CLANG_WARN__DUPLICATE_METHOD_MATCH = YES;
				COPY_PHASE_STRIP = NO;
				DEBUG_INFORMATION_FORMAT = "dwarf-with-dsym";
				ENABLE_NS_ASSERTIONS = NO;
				ENABLE_STRICT_OBJC_MSGSEND = YES;
				GCC_C_LANGUAGE_STANDARD = gnu11;
				GCC_NO_COMMON_BLOCKS = YES;
				GCC_WARN_64_TO_32_BIT_CONVERSION = YES;
				GCC_WARN_ABOUT_RETURN_TYPE = YES_ERROR;
				GCC_WARN_UNDECLARED_SELECTOR = YES;
				GCC_WARN_UNINITIALIZED_AUTOS = YES_AGGRESSIVE;
				GCC_WARN_UNUSED_FUNCTION = YES;
				GCC_WARN_UNUSED_VARIABLE = YES;
				IPHONEOS_DEPLOYMENT_TARGET = 13.5;
				MTL_ENABLE_DEBUG_INFO = NO;
				MTL_FAST_MATH = YES;
				SDKROOT = iphoneos;
				SWIFT_COMPILATION_MODE = wholemodule;
				SWIFT_OPTIMIZATION_LEVEL = "-O";
				VALIDATE_PRODUCT = YES;
			};
			name = Release;
		};
		11E98387249B01B1001288C5 /* Debug */ = {
			isa = XCBuildConfiguration;
			baseConfigurationReference = 44BABA518CA25F98989D4799 /* Pods-FoodTruck.debug.xcconfig */;
			buildSettings = {
				ASSETCATALOG_COMPILER_APPICON_NAME = AppIcon;
				CODE_SIGN_STYLE = Automatic;
				DEVELOPMENT_TEAM = V5ARGK4ZJP;
				INFOPLIST_FILE = FoodTruck/Info.plist;
				LD_RUNPATH_SEARCH_PATHS = (
					"$(inherited)",
					"@executable_path/Frameworks",
				);
				PRODUCT_BUNDLE_IDENTIFIER = com.kevinstewart.About.FoodTruck;
				PRODUCT_NAME = "$(TARGET_NAME)";
				SWIFT_VERSION = 5.0;
				TARGETED_DEVICE_FAMILY = "1,2";
			};
			name = Debug;
		};
		11E98388249B01B1001288C5 /* Release */ = {
			isa = XCBuildConfiguration;
			baseConfigurationReference = 26353190FDB955250DB60BC2 /* Pods-FoodTruck.release.xcconfig */;
			buildSettings = {
				ASSETCATALOG_COMPILER_APPICON_NAME = AppIcon;
				CODE_SIGN_STYLE = Automatic;
				DEVELOPMENT_TEAM = V5ARGK4ZJP;
				INFOPLIST_FILE = FoodTruck/Info.plist;
				LD_RUNPATH_SEARCH_PATHS = (
					"$(inherited)",
					"@executable_path/Frameworks",
				);
				PRODUCT_BUNDLE_IDENTIFIER = com.kevinstewart.About.FoodTruck;
				PRODUCT_NAME = "$(TARGET_NAME)";
				SWIFT_VERSION = 5.0;
				TARGETED_DEVICE_FAMILY = "1,2";
			};
			name = Release;
		};
		11E9838A249B01B1001288C5 /* Debug */ = {
			isa = XCBuildConfiguration;
			baseConfigurationReference = 21FAA8EDC20281232FDEE595 /* Pods-FoodTruckTests.debug.xcconfig */;
			buildSettings = {
				ALWAYS_EMBED_SWIFT_STANDARD_LIBRARIES = YES;
				BUNDLE_LOADER = "$(TEST_HOST)";
				CODE_SIGN_STYLE = Automatic;
				DEVELOPMENT_TEAM = V5ARGK4ZJP;
				INFOPLIST_FILE = FoodTruckTests/Info.plist;
				IPHONEOS_DEPLOYMENT_TARGET = 13.5;
				LD_RUNPATH_SEARCH_PATHS = (
					"$(inherited)",
					"@executable_path/Frameworks",
					"@loader_path/Frameworks",
				);
				PRODUCT_BUNDLE_IDENTIFIER = com.kevinstewart.About.FoodTruckTests;
				PRODUCT_NAME = "$(TARGET_NAME)";
				SWIFT_VERSION = 5.0;
				TARGETED_DEVICE_FAMILY = "1,2";
				TEST_HOST = "$(BUILT_PRODUCTS_DIR)/FoodTruck.app/FoodTruck";
			};
			name = Debug;
		};
		11E9838B249B01B1001288C5 /* Release */ = {
			isa = XCBuildConfiguration;
			baseConfigurationReference = 7678D0B9075A92F1C83FD053 /* Pods-FoodTruckTests.release.xcconfig */;
			buildSettings = {
				ALWAYS_EMBED_SWIFT_STANDARD_LIBRARIES = YES;
				BUNDLE_LOADER = "$(TEST_HOST)";
				CODE_SIGN_STYLE = Automatic;
				DEVELOPMENT_TEAM = V5ARGK4ZJP;
				INFOPLIST_FILE = FoodTruckTests/Info.plist;
				IPHONEOS_DEPLOYMENT_TARGET = 13.5;
				LD_RUNPATH_SEARCH_PATHS = (
					"$(inherited)",
					"@executable_path/Frameworks",
					"@loader_path/Frameworks",
				);
				PRODUCT_BUNDLE_IDENTIFIER = com.kevinstewart.About.FoodTruckTests;
				PRODUCT_NAME = "$(TARGET_NAME)";
				SWIFT_VERSION = 5.0;
				TARGETED_DEVICE_FAMILY = "1,2";
				TEST_HOST = "$(BUILT_PRODUCTS_DIR)/FoodTruck.app/FoodTruck";
			};
			name = Release;
		};
		11E9838D249B01B1001288C5 /* Debug */ = {
			isa = XCBuildConfiguration;
			baseConfigurationReference = ECDB61DEC33C7167212C42B3 /* Pods-FoodTruck-FoodTruckUITests.debug.xcconfig */;
			buildSettings = {
				ALWAYS_EMBED_SWIFT_STANDARD_LIBRARIES = YES;
				CODE_SIGN_STYLE = Automatic;
				DEVELOPMENT_TEAM = V5ARGK4ZJP;
				INFOPLIST_FILE = FoodTruckUITests/Info.plist;
				LD_RUNPATH_SEARCH_PATHS = (
					"$(inherited)",
					"@executable_path/Frameworks",
					"@loader_path/Frameworks",
				);
				PRODUCT_BUNDLE_IDENTIFIER = com.kevinstewart.About.FoodTruckUITests;
				PRODUCT_NAME = "$(TARGET_NAME)";
				SWIFT_VERSION = 5.0;
				TARGETED_DEVICE_FAMILY = "1,2";
				TEST_TARGET_NAME = FoodTruck;
			};
			name = Debug;
		};
		11E9838E249B01B1001288C5 /* Release */ = {
			isa = XCBuildConfiguration;
			baseConfigurationReference = 6D8D4F541BA407F4B0B0D85D /* Pods-FoodTruck-FoodTruckUITests.release.xcconfig */;
			buildSettings = {
				ALWAYS_EMBED_SWIFT_STANDARD_LIBRARIES = YES;
				CODE_SIGN_STYLE = Automatic;
				DEVELOPMENT_TEAM = V5ARGK4ZJP;
				INFOPLIST_FILE = FoodTruckUITests/Info.plist;
				LD_RUNPATH_SEARCH_PATHS = (
					"$(inherited)",
					"@executable_path/Frameworks",
					"@loader_path/Frameworks",
				);
				PRODUCT_BUNDLE_IDENTIFIER = com.kevinstewart.About.FoodTruckUITests;
				PRODUCT_NAME = "$(TARGET_NAME)";
				SWIFT_VERSION = 5.0;
				TARGETED_DEVICE_FAMILY = "1,2";
				TEST_TARGET_NAME = FoodTruck;
			};
			name = Release;
		};
/* End XCBuildConfiguration section */

/* Begin XCConfigurationList section */
		11E98354249B01A4001288C5 /* Build configuration list for PBXProject "FoodTruck" */ = {
			isa = XCConfigurationList;
			buildConfigurations = (
				11E98384249B01B1001288C5 /* Debug */,
				11E98385249B01B1001288C5 /* Release */,
			);
			defaultConfigurationIsVisible = 0;
			defaultConfigurationName = Release;
		};
		11E98386249B01B1001288C5 /* Build configuration list for PBXNativeTarget "FoodTruck" */ = {
			isa = XCConfigurationList;
			buildConfigurations = (
				11E98387249B01B1001288C5 /* Debug */,
				11E98388249B01B1001288C5 /* Release */,
			);
			defaultConfigurationIsVisible = 0;
			defaultConfigurationName = Release;
		};
		11E98389249B01B1001288C5 /* Build configuration list for PBXNativeTarget "FoodTruckTests" */ = {
			isa = XCConfigurationList;
			buildConfigurations = (
				11E9838A249B01B1001288C5 /* Debug */,
				11E9838B249B01B1001288C5 /* Release */,
			);
			defaultConfigurationIsVisible = 0;
			defaultConfigurationName = Release;
		};
		11E9838C249B01B1001288C5 /* Build configuration list for PBXNativeTarget "FoodTruckUITests" */ = {
			isa = XCConfigurationList;
			buildConfigurations = (
				11E9838D249B01B1001288C5 /* Debug */,
				11E9838E249B01B1001288C5 /* Release */,
			);
			defaultConfigurationIsVisible = 0;
			defaultConfigurationName = Release;
		};
/* End XCConfigurationList section */

/* Begin XCVersionGroup section */
		E1067F4524A2F946002BE0A2 /* FoodTruck.xcdatamodeld */ = {
			isa = XCVersionGroup;
			children = (
				E1067F4624A2F946002BE0A2 /* FoodTruck.xcdatamodel */,
			);
			currentVersion = E1067F4624A2F946002BE0A2 /* FoodTruck.xcdatamodel */;
			path = FoodTruck.xcdatamodeld;
			sourceTree = "<group>";
			versionGroupType = wrapper.xcdatamodel;
		};
/* End XCVersionGroup section */
	};
	rootObject = 11E98351249B01A4001288C5 /* Project object */;
}
